
Microsoft Visual Studio Solution File, Format Version 12.00
# Visual Studio Version 17
VisualStudioVersion = 17.2.32526.322
MinimumVisualStudioVersion = 10.0.40219.1
Project("{FAE04EC0-301F-11D3-BF4B-00C04F79EFBC}") = "TodoApi", "TodoApi\TodoApi.csproj", "{B42121E8-6312-4263-8F3F-AC3B46A8A445}"
EndProject
Global
	GlobalSection(SolutionConfigurationPlatforms) = preSolution
		Debug|Any CPU = Debug|Any CPU
		Release|Any CPU = Release|Any CPU
	EndGlobalSection
	GlobalSection(ProjectConfigurationPlatforms) = postSolution
		{B42121E8-6312-4263-8F3F-AC3B46A8A445}.Debug|Any CPU.ActiveCfg = Debug|Any CPU
		{B42121E8-6312-4263-8F3F-AC3B46A8A445}.Debug|Any CPU.Build.0 = Debug|Any CPU
		{B42121E8-6312-4263-8F3F-AC3B46A8A445}.Release|Any CPU.ActiveCfg = Release|Any CPU
		{B42121E8-6312-4263-8F3F-AC3B46A8A445}.Release|Any CPU.Build.0 = Release|Any CPU
	EndGlobalSection
	GlobalSection(SolutionProperties) = preSolution
		HideSolutionNode = FALSE
	EndGlobalSection
	GlobalSection(ExtensibilityGlobals) = postSolution
		SolutionGuid = {3AE2169C-86EC-4F7E-BD47-FC8757D7BA9E}
	EndGlobalSection
EndGlobal
